# This file is autogenerated, do not edit; changes may be undone by the next 'dep ensure'.


[[projects]]
  name = "github.com/nlopes/slack"
  packages = ["."]
  revision = "5cde21b8b96a43fc3435a1f514123d14fd7eabdc"

[[projects]]
  branch = "master"
  name = "golang.org/x/net"
  packages = ["websocket"]
  revision = "a04bdaca5b32abe1c069418fb7088ae607de5bd0"

[solve-meta]
  analyzer-name = "dep"
  analyzer-version = 1
  inputs-digest = "0301bef675dc1c012aaa31dffd2b8d67a0239677dd28b9e325650e81c88b9683"
  solver-name = "gps-cdcl"
  solver-version = 1
